
Microsoft Visual Studio Solution File, Format Version 12.00
# Visual Studio Version 17
VisualStudioVersion = 17.1.32421.90
MinimumVisualStudioVersion = 10.0.40219.1
Project("{888888A0-9F3D-457C-B088-3A5042F75D52}") = "SoilMoisture", "SoilMoisture\SoilMoisture.pyproj", "{1ECA383C-8EDF-4B53-8AAB-6EC743AA56BF}"
EndProject
Global
	GlobalSection(SolutionConfigurationPlatforms) = preSolution
		Debug|Any CPU = Debug|Any CPU
		Release|Any CPU = Release|Any CPU
	EndGlobalSection
	GlobalSection(ProjectConfigurationPlatforms) = postSolution
		{1ECA383C-8EDF-4B53-8AAB-6EC743AA56BF}.Debug|Any CPU.ActiveCfg = Debug|Any CPU
		{1ECA383C-8EDF-4B53-8AAB-6EC743AA56BF}.Release|Any CPU.ActiveCfg = Release|Any CPU
	EndGlobalSection
	GlobalSection(SolutionProperties) = preSolution
		HideSolutionNode = FALSE
	EndGlobalSection
	GlobalSection(ExtensibilityGlobals) = postSolution
		SolutionGuid = {D5BD7CA2-2999-4D0B-BF7E-3ACA1D1A69A6}
	EndGlobalSection
EndGlobal
